{
  "name": "maafw-run",
  "version": "0.1.0",
  "lockfileVersion": 3,
  "requires": true,
  "packages": {
    "": {
      "name": "maafw-run",
      "version": "0.1.0",
      "license": "BSD-3-Clause",
      "dependencies": {
        "@dsh-external/dsh-maafw-core": "file:../dsh-maafw-core",
        "@maaxyz/maa-node": "5.13.0-beta.4"
      },
      "bin": {
        "maa": "bin/maafw-run.mjs"
      },
      "devDependencies": {
        "@types/node": "^24.13.3",
        "typescript": "^5.9.0"
      },
      "engines": {
        "node": ">=22.13"
      }
    },
    "../dsh-maafw-core": {
      "name": "@dsh-external/dsh-maafw-core",
      "version": "0.3.0",
      "license": "BSD-3-Clause",
      "devDependencies": {
        "@types/node": "^24.13.3",
        "typescript": "^5.9.0"
      }
    },
    "node_modules/@dsh-external/dsh-maafw-core": {
      "resolved": "../dsh-maafw-core",
      "link": true
    },
    "node_modules/@maaxyz/maa-node": {
      "version": "5.13.0-beta.4",
      "resolved": "https://registry.npmjs.org/@maaxyz/maa-node/-/maa-node-5.13.0-beta.4.tgz",
      "integrity": "sha512-ABy8JVyTnY9vM/XWLJ+JM+2JPCqD2+36MfkRmFyAYevmI7zFzKP/0NkuGPCpqFi/kOl0OwJTbvBG28/Bkt2cPg==",
      "engines": {
        "node": ">= 20.0.0"
      },
      "optionalDependencies": {
        "@maaxyz/maa-node-darwin-arm64": "5.13.0-beta.4",
        "@maaxyz/maa-node-darwin-x64": "5.13.0-beta.4",
        "@maaxyz/maa-node-linux-arm64": "5.13.0-beta.4",
        "@maaxyz/maa-node-linux-x64": "5.13.0-beta.4",
        "@maaxyz/maa-node-win32-arm64": "5.13.0-beta.4",
        "@maaxyz/maa-node-win32-x64": "5.13.0-beta.4"
      }
    },
    "node_modules/@maaxyz/maa-node-darwin-arm64": {
      "version": "5.13.0-beta.4",
      "resolved": "https://registry.npmjs.org/@maaxyz/maa-node-darwin-arm64/-/maa-node-darwin-arm64-5.13.0-beta.4.tgz",
      "integrity": "sha512-2uBQRT8fpO0i3NKX+QYP7efd2Jk0YApERondUac+g0udkaOMw4Ptkob/fo2lB4JxFmvrBrRpyKrwq8RE3hqrdg==",
      "cpu": [
        "arm64"
      ],
      "optional": true,
      "os": [
        "darwin"
      ]
    },
    "node_modules/@maaxyz/maa-node-darwin-x64": {
      "version": "5.13.0-beta.4",
      "resolved": "https://registry.npmjs.org/@maaxyz/maa-node-darwin-x64/-/maa-node-darwin-x64-5.13.0-beta.4.tgz",
      "integrity": "sha512-1X6iZNN7OaP3/UWm9Gb9X17WRz47CEr606HvuvfDPVGsHASnKZ3o+WI9ZDy0qPiojYsg12aAlajNxIHmHCsiQg==",
      "cpu": [
        "x64"
      ],
      "optional": true,
      "os": [
        "darwin"
      ]
    },
    "node_modules/@maaxyz/maa-node-linux-arm64": {
      "version": "5.13.0-beta.4",
      "resolved": "https://registry.npmjs.org/@maaxyz/maa-node-linux-arm64/-/maa-node-linux-arm64-5.13.0-beta.4.tgz",
      "integrity": "sha512-2lHkcsz9rBaEHXe0aynHWZsD/W08xfO9S0onezteiGb0F81zUL+7yuljXiNUX2SdoyiFTlR2Hcph/GBzvA3s5Q==",
      "cpu": [
        "arm64"
      ],
      "optional": true,
      "os": [
        "linux"
      ]
    },
    "node_modules/@maaxyz/maa-node-linux-x64": {
      "version": "5.13.0-beta.4",
      "resolved": "https://registry.npmjs.org/@maaxyz/maa-node-linux-x64/-/maa-node-linux-x64-5.13.0-beta.4.tgz",
      "integrity": "sha512-nXwt8CngWa4nHazwZI4JewdVxBB5khdobFnCyEf8D5V5lKDPo8ttZ+BmmsjuUiQ0PqXabSPg6+8bc+yjpVcJkw==",
      "cpu": [
        "x64"
      ],
      "optional": true,
      "os": [
        "linux"
      ]
    },
    "node_modules/@maaxyz/maa-node-win32-arm64": {
      "version": "5.13.0-beta.4",
      "resolved": "https://registry.npmjs.org/@maaxyz/maa-node-win32-arm64/-/maa-node-win32-arm64-5.13.0-beta.4.tgz",
      "integrity": "sha512-h43kF4CoMUFyt8vWVtHo+zxD2ETVXa4yYV1//ZAp64zcXhovM1wE4Pum/atdcPu3SwRKcPp7CXS6hT6RJuboTg==",
      "cpu": [
        "arm64"
      ],
      "optional": true,
      "os": [
        "win32"
      ]
    },
    "node_modules/@maaxyz/maa-node-win32-x64": {
      "version": "5.13.0-beta.4",
      "resolved": "https://registry.npmjs.org/@maaxyz/maa-node-win32-x64/-/maa-node-win32-x64-5.13.0-beta.4.tgz",
      "integrity": "sha512-8cJNI+o9ppSSl2OSntV/Q3wXVbKR64n8n5XqSuHyrEqEpfrHHrq8e+c/YwLvPD5YWcunrXcNjnuw7stX+Lpk1A==",
      "cpu": [
        "x64"
      ],
      "optional": true,
      "os": [
        "win32"
      ]
    },
    "node_modules/@types/node": {
      "version": "24.13.4",
      "resolved": "https://registry.npmjs.org/@types/node/-/node-24.13.4.tgz",
      "integrity": "sha512-YJ7EqCstVTzIr0fMr7qul/977en+pQHrfmuKIo6Zr9i75Be21dr3MovcfvGtyvi2HAUrRerWps5sMO9I7WaxDw==",
      "dev": true,
      "license": "MIT",
      "dependencies": {
        "undici-types": "~7.18.0"
      }
    },
    "node_modules/typescript": {
      "version": "5.9.3",
      "resolved": "https://registry.npmjs.org/typescript/-/typescript-5.9.3.tgz",
      "integrity": "sha512-jl1vZzPDinLr9eUt3J/t7V6FgNEw9QjvBPdysz9KfQDD41fQrC2Y4vKQdiaUpFT4bXlb1RHhLpp8wtm6M5TgSw==",
      "dev": true,
      "license": "Apache-2.0",
      "bin": {
        "tsc": "bin/tsc",
        "tsserver": "bin/tsserver"
      },
      "engines": {
        "node": ">=14.17"
      }
    },
    "node_modules/undici-types": {
      "version": "7.18.2",
      "resolved": "https://registry.npmjs.org/undici-types/-/undici-types-7.18.2.tgz",
      "integrity": "sha512-AsuCzffGHJybSaRrmr5eHr81mwJU3kjw6M+uprWvCXiNeN9SOGwQ3Jn8jb8m3Z6izVgknn1R0FTCEAP2QrLY/w==",
      "dev": true,
      "license": "MIT"
    }
  }
}
