{
  "name": "maafw-live",
  "version": "0.1.0",
  "lockfileVersion": 3,
  "requires": true,
  "packages": {
    "": {
      "name": "maafw-live",
      "version": "0.1.0",
      "license": "BSD-3-Clause",
      "dependencies": {
        "@maaxyz/maa-node": "^5.14.2"
      },
      "bin": {
        "maafw-live": "bin/maafw-live.mjs"
      },
      "devDependencies": {
        "@types/node": "^24.13.3",
        "typescript": "^5.9.0"
      },
      "engines": {
        "node": ">=22.13"
      }
    },
    "node_modules/@maaxyz/maa-node": {
      "version": "5.14.2",
      "resolved": "https://registry.npmjs.org/@maaxyz/maa-node/-/maa-node-5.14.2.tgz",
      "integrity": "sha512-KYSXFYvOYi7bQrZnBgKYGunq8LewTJbGmL/GVdS1mw5H8VNnzFFB41c9I3PXGEAhG9ZkLVDjxmF94aickT1TWA==",
      "engines": {
        "node": ">= 20.0.0"
      },
      "optionalDependencies": {
        "@maaxyz/maa-node-darwin-arm64": "5.14.2",
        "@maaxyz/maa-node-darwin-x64": "5.14.2",
        "@maaxyz/maa-node-linux-arm64": "5.14.2",
        "@maaxyz/maa-node-linux-x64": "5.14.2",
        "@maaxyz/maa-node-win32-arm64": "5.14.2",
        "@maaxyz/maa-node-win32-x64": "5.14.2"
      }
    },
    "node_modules/@maaxyz/maa-node-darwin-arm64": {
      "version": "5.14.2",
      "resolved": "https://registry.npmjs.org/@maaxyz/maa-node-darwin-arm64/-/maa-node-darwin-arm64-5.14.2.tgz",
      "integrity": "sha512-6qsnn1YWiGaz8OP1ABgUgQzbObxTDWvD1hud904QiX9uXL1YqdytmY36RHDZ2wbEQ+wNNDCaOpvHBfHzP28+WA==",
      "cpu": [
        "arm64"
      ],
      "optional": true,
      "os": [
        "darwin"
      ]
    },
    "node_modules/@maaxyz/maa-node-darwin-x64": {
      "version": "5.14.2",
      "resolved": "https://registry.npmjs.org/@maaxyz/maa-node-darwin-x64/-/maa-node-darwin-x64-5.14.2.tgz",
      "integrity": "sha512-g7wEqJY5mRTlkfHRvVxjLBetNv8rnb6j3bG4cn/DxvUmYrR47Tm8i0YtX99BLwsMTQw/Nd40Y8EivTS5UHm+bA==",
      "cpu": [
        "x64"
      ],
      "optional": true,
      "os": [
        "darwin"
      ]
    },
    "node_modules/@maaxyz/maa-node-linux-arm64": {
      "version": "5.14.2",
      "resolved": "https://registry.npmjs.org/@maaxyz/maa-node-linux-arm64/-/maa-node-linux-arm64-5.14.2.tgz",
      "integrity": "sha512-MzwNpKDYQ0tSTsuHvJYFAaJEIJOD/lSz+Z2dx2HQPzhiylrwkDjlCRreYrkjo/7caO2/yZBkPWuTL2vhd+7t5g==",
      "cpu": [
        "arm64"
      ],
      "optional": true,
      "os": [
        "linux"
      ]
    },
    "node_modules/@maaxyz/maa-node-linux-x64": {
      "version": "5.14.2",
      "resolved": "https://registry.npmjs.org/@maaxyz/maa-node-linux-x64/-/maa-node-linux-x64-5.14.2.tgz",
      "integrity": "sha512-L+4qXMmsRmkA+8qDlpq7KUssjjNdpKoiHEJk1gl31ls4CkaVRlOqDv//Or20EYPgwZsQW4/Cf9M9RRZbQZOUHg==",
      "cpu": [
        "x64"
      ],
      "optional": true,
      "os": [
        "linux"
      ]
    },
    "node_modules/@maaxyz/maa-node-win32-arm64": {
      "version": "5.14.2",
      "resolved": "https://registry.npmjs.org/@maaxyz/maa-node-win32-arm64/-/maa-node-win32-arm64-5.14.2.tgz",
      "integrity": "sha512-lud0N4dccvAduBWWpYgw33VC6nthcmAPLyxtyJFP6N5lsM1Dzj1el58Ph53SQpZoCTBYzZgzjhoHG1ViH6PK3g==",
      "cpu": [
        "arm64"
      ],
      "optional": true,
      "os": [
        "win32"
      ]
    },
    "node_modules/@maaxyz/maa-node-win32-x64": {
      "version": "5.14.2",
      "resolved": "https://registry.npmjs.org/@maaxyz/maa-node-win32-x64/-/maa-node-win32-x64-5.14.2.tgz",
      "integrity": "sha512-j/rMRj8ZvS32W4fsijQiPTIym83sCKa+hrXt7Tp97LA9ENJfGx8h8bTSt7Ma3LOnJifPm4/FshcbaKe+Gl6ayw==",
      "cpu": [
        "x64"
      ],
      "optional": true,
      "os": [
        "win32"
      ]
    },
    "node_modules/@types/node": {
      "version": "24.13.4",
      "resolved": "https://registry.npmjs.org/@types/node/-/node-24.13.4.tgz",
      "integrity": "sha512-YJ7EqCstVTzIr0fMr7qul/977en+pQHrfmuKIo6Zr9i75Be21dr3MovcfvGtyvi2HAUrRerWps5sMO9I7WaxDw==",
      "dev": true,
      "license": "MIT",
      "dependencies": {
        "undici-types": "~7.18.0"
      }
    },
    "node_modules/typescript": {
      "version": "5.9.3",
      "resolved": "https://registry.npmjs.org/typescript/-/typescript-5.9.3.tgz",
      "integrity": "sha512-jl1vZzPDinLr9eUt3J/t7V6FgNEw9QjvBPdysz9KfQDD41fQrC2Y4vKQdiaUpFT4bXlb1RHhLpp8wtm6M5TgSw==",
      "dev": true,
      "license": "Apache-2.0",
      "bin": {
        "tsc": "bin/tsc",
        "tsserver": "bin/tsserver"
      },
      "engines": {
        "node": ">=14.17"
      }
    },
    "node_modules/undici-types": {
      "version": "7.18.2",
      "resolved": "https://registry.npmjs.org/undici-types/-/undici-types-7.18.2.tgz",
      "integrity": "sha512-AsuCzffGHJybSaRrmr5eHr81mwJU3kjw6M+uprWvCXiNeN9SOGwQ3Jn8jb8m3Z6izVgknn1R0FTCEAP2QrLY/w==",
      "dev": true,
      "license": "MIT"
    }
  }
}
